
Microsoft Visual Studio Solution File, Format Version 12.00
# Visual Studio Version 17
VisualStudioVersion = 17.10.35122.118
MinimumVisualStudioVersion = 10.0.40219.1
Project("{FAE04EC0-301F-11D3-BF4B-00C04F79EFBC}") = "CarrinhoMercado", "CarrinhoMercado\CarrinhoMercado.csproj", "{C906E6BB-703F-456C-9673-152891B81B53}"
EndProject
Project("{FAE04EC0-301F-11D3-BF4B-00C04F79EFBC}") = "CarrinhoTeste", "CarrinhoTeste\CarrinhoTeste.csproj", "{2AA7EBD4-ACB6-4B99-AC60-2F2C445A86FA}"
EndProject
Global
	GlobalSection(SolutionConfigurationPlatforms) = preSolution
		Debug|Any CPU = Debug|Any CPU
		Release|Any CPU = Release|Any CPU
	EndGlobalSection
	GlobalSection(ProjectConfigurationPlatforms) = postSolution
		{C906E6BB-703F-456C-9673-152891B81B53}.Debug|Any CPU.ActiveCfg = Debug|Any CPU
		{C906E6BB-703F-456C-9673-152891B81B53}.Debug|Any CPU.Build.0 = Debug|Any CPU
		{C906E6BB-703F-456C-9673-152891B81B53}.Release|Any CPU.ActiveCfg = Release|Any CPU
		{C906E6BB-703F-456C-9673-152891B81B53}.Release|Any CPU.Build.0 = Release|Any CPU
		{2AA7EBD4-ACB6-4B99-AC60-2F2C445A86FA}.Debug|Any CPU.ActiveCfg = Debug|Any CPU
		{2AA7EBD4-ACB6-4B99-AC60-2F2C445A86FA}.Debug|Any CPU.Build.0 = Debug|Any CPU
		{2AA7EBD4-ACB6-4B99-AC60-2F2C445A86FA}.Release|Any CPU.ActiveCfg = Release|Any CPU
		{2AA7EBD4-ACB6-4B99-AC60-2F2C445A86FA}.Release|Any CPU.Build.0 = Release|Any CPU
	EndGlobalSection
	GlobalSection(SolutionProperties) = preSolution
		HideSolutionNode = FALSE
	EndGlobalSection
	GlobalSection(ExtensibilityGlobals) = postSolution
		SolutionGuid = {A5F300D0-EBF8-433E-85E0-81205A5C80FC}
	EndGlobalSection
EndGlobal
